Microsoft Visual Studio Solution File, Format Version 12.00
# Visual Studio Version 17
VisualStudioVersion = 17.5.2.0
MinimumVisualStudioVersion = 10.0.40219.1
Project("{FAE04EC0-301F-11D3-BF4B-00C04F79EFBC}") = "SVGPlaceholderGenerator", "SVGPlaceholderGenerator.csproj", "{B98E1C54-0C6B-E342-FA8C-6F00D83BF68B}"
EndProject
Global
	GlobalSection(SolutionConfigurationPlatforms) = preSolution
		Debug|Any CPU = Debug|Any CPU
		Release|Any CPU = Release|Any CPU
	EndGlobalSection
	GlobalSection(ProjectConfigurationPlatforms) = postSolution
		{B98E1C54-0C6B-E342-FA8C-6F00D83BF68B}.Debug|Any CPU.ActiveCfg = Debug|Any CPU
		{B98E1C54-0C6B-E342-FA8C-6F00D83BF68B}.Debug|Any CPU.Build.0 = Debug|Any CPU
		{B98E1C54-0C6B-E342-FA8C-6F00D83BF68B}.Release|Any CPU.ActiveCfg = Release|Any CPU
		{B98E1C54-0C6B-E342-FA8C-6F00D83BF68B}.Release|Any CPU.Build.0 = Release|Any CPU
	EndGlobalSection
	GlobalSection(SolutionProperties) = preSolution
		HideSolutionNode = FALSE
	EndGlobalSection
	GlobalSection(ExtensibilityGlobals) = postSolution
		SolutionGuid = {26ED963E-4C95-4702-A876-5743FE67568D}
	EndGlobalSection
EndGlobal
