Microsoft Visual Studio Solution File, Format Version 12.00
# Visual Studio Version 17
VisualStudioVersion = 17.5.2.0
MinimumVisualStudioVersion = 10.0.40219.1
Project("{FAE04EC0-301F-11D3-BF4B-00C04F79EFBC}") = "QRCodeGenerator", "QRCodeGenerator.csproj", "{1C76685C-F0CD-7CF0-F7CF-0CE2E6773FE3}"
EndProject
Global
	GlobalSection(SolutionConfigurationPlatforms) = preSolution
		Debug|Any CPU = Debug|Any CPU
		Release|Any CPU = Release|Any CPU
	EndGlobalSection
	GlobalSection(ProjectConfigurationPlatforms) = postSolution
		{1C76685C-F0CD-7CF0-F7CF-0CE2E6773FE3}.Debug|Any CPU.ActiveCfg = Debug|Any CPU
		{1C76685C-F0CD-7CF0-F7CF-0CE2E6773FE3}.Debug|Any CPU.Build.0 = Debug|Any CPU
		{1C76685C-F0CD-7CF0-F7CF-0CE2E6773FE3}.Release|Any CPU.ActiveCfg = Release|Any CPU
		{1C76685C-F0CD-7CF0-F7CF-0CE2E6773FE3}.Release|Any CPU.Build.0 = Release|Any CPU
	EndGlobalSection
	GlobalSection(SolutionProperties) = preSolution
		HideSolutionNode = FALSE
	EndGlobalSection
	GlobalSection(ExtensibilityGlobals) = postSolution
		SolutionGuid = {68AD873C-5362-4398-9FBF-6F2C066A0A8C}
	EndGlobalSection
EndGlobal
