Microsoft Visual Studio Solution File, Format Version 12.00
# Visual Studio Version 17
VisualStudioVersion = 17.5.2.0
MinimumVisualStudioVersion = 10.0.40219.1
Project("{FAE04EC0-301F-11D3-BF4B-00C04F79EFBC}") = "Concac", "Concac.csproj", "{83C6DEA6-F2CC-9905-B831-39734F48E30C}"
EndProject
Global
	GlobalSection(SolutionConfigurationPlatforms) = preSolution
		Debug|Any CPU = Debug|Any CPU
		Release|Any CPU = Release|Any CPU
	EndGlobalSection
	GlobalSection(ProjectConfigurationPlatforms) = postSolution
		{83C6DEA6-F2CC-9905-B831-39734F48E30C}.Debug|Any CPU.ActiveCfg = Debug|Any CPU
		{83C6DEA6-F2CC-9905-B831-39734F48E30C}.Debug|Any CPU.Build.0 = Debug|Any CPU
		{83C6DEA6-F2CC-9905-B831-39734F48E30C}.Release|Any CPU.ActiveCfg = Release|Any CPU
		{83C6DEA6-F2CC-9905-B831-39734F48E30C}.Release|Any CPU.Build.0 = Release|Any CPU
	EndGlobalSection
	GlobalSection(SolutionProperties) = preSolution
		HideSolutionNode = FALSE
	EndGlobalSection
	GlobalSection(ExtensibilityGlobals) = postSolution
		SolutionGuid = {4113CB09-D304-40C7-BDE8-5D8EC48EACC1}
	EndGlobalSection
EndGlobal
