Microsoft Visual Studio Solution File, Format Version 12.00
# Visual Studio Version 17
VisualStudioVersion = 17.0.31903.59
MinimumVisualStudioVersion = 10.0.40219.1
Project("{FAE04EC0-301F-11D3-BF4B-00C04F79EFBC}") = "DevTool", "DevTool\DevTool.csproj", "{12A9C81F-496B-4352-BF94-73E01B6DD820}"
EndProject
Project("{2150E333-8FDC-42A3-9474-1A3956D46DE8}") = "Crypto", "Crypto", "{684B9847-CF9C-4F1E-BC46-743B853C27F9}"
EndProject
Project("{FAE04EC0-301F-11D3-BF4B-00C04F79EFBC}") = "HashText", "Crypto\HashText\HashText.csproj", "{85341155-97E8-49D1-B36B-93C6395C33C0}"
EndProject
Project("{FAE04EC0-301F-11D3-BF4B-00C04F79EFBC}") = "TokenGenerator", "Crypto\TokenGenerator\TokenGenerator.csproj", "{BC8358F8-942B-4801-908D-B72D697FBD5C}"
EndProject
Project("{FAE04EC0-301F-11D3-BF4B-00C04F79EFBC}") = "Bcrypt", "Crypto\Bcrypt\Bcrypt.csproj", "{1A77E4EC-C7E1-4BFB-962A-E462A553CAD3}"
EndProject
Project("{2150E333-8FDC-42A3-9474-1A3956D46DE8}") = "Converter", "Converter", "{4BEF7EEE-BBD7-4A20-90E4-B943B3C17DF5}"
EndProject
Project("{FAE04EC0-301F-11D3-BF4B-00C04F79EFBC}") = "XML2JSON", "Converter\XML2JSON\XML2JSON.csproj", "{A07E34E5-0654-4806-B7E7-B3EE0720845E}"
EndProject
Project("{FAE04EC0-301F-11D3-BF4B-00C04F79EFBC}") = "JSON2XML", "Converter\JSON2XML\JSON2XML.csproj", "{5C8BEF45-907E-4C89-B1BD-539B9A554A14}"
EndProject
Project("{2150E333-8FDC-42A3-9474-1A3956D46DE8}") = "Web", "Web", "{2243BC9F-E637-41E1-B787-31D6E1DA88A4}"
EndProject
Project("{FAE04EC0-301F-11D3-BF4B-00C04F79EFBC}") = "EncodeDecodeURLFormatedstring", "Web\EncodeDecodeURLFormatedstring\EncodeDecodeURLFormatedstring.csproj", "{AB3251DF-7146-4F1C-BD45-213F967F319A}"
EndProject
Project("{FAE04EC0-301F-11D3-BF4B-00C04F79EFBC}") = "EscapeHTMLEntity", "Web\EscapeHTMLEntity\EscapeHTMLEntity.csproj", "{F8904897-AF26-497D-B212-3AB3F1C7D17C}"
EndProject
Project("{FAE04EC0-301F-11D3-BF4B-00C04F79EFBC}") = "BasicAuthGenerator", "Web\BasicAuthGenerator\BasicAuthGenerator.csproj", "{AA87DF6C-0487-47EE-B3CA-7C7963746150}"
EndProject
Project("{2150E333-8FDC-42A3-9474-1A3956D46DE8}") = "ImageAndVideo", "ImageAndVideo", "{906A2485-B783-4BD1-B497-40B9868F7C49}"
EndProject
Project("{FAE04EC0-301F-11D3-BF4B-00C04F79EFBC}") = "QRCodeGenerator", "ImageAndVideo\QRCodeGenerator\QRCodeGenerator.csproj", "{6E97E64C-A7AF-4541-9459-E0D96FBAAA44}"
EndProject
Project("{FAE04EC0-301F-11D3-BF4B-00C04F79EFBC}") = "SVGPlaceholderGenerator", "ImageAndVideo\SVGPlaceholderGenerator\SVGPlaceholderGenerator.csproj", "{8B3109A8-DE5C-4BC5-9446-4B4A01E9C497}"
EndProject
Project("{2150E333-8FDC-42A3-9474-1A3956D46DE8}") = "Development", "Development", "{75392BEC-77CE-4BE3-A3A3-CB40820E36D1}"
EndProject
Project("{FAE04EC0-301F-11D3-BF4B-00C04F79EFBC}") = "JSON_minify", "Development\JSON_minify\JSON_minify.csproj", "{210DAB11-7A25-4EE6-91D7-77A858D2365A}"
EndProject
Project("{FAE04EC0-301F-11D3-BF4B-00C04F79EFBC}") = "XML_Formatter", "Development\XML_Formatter\XML_Formatter.csproj", "{A6481887-9F1B-460C-9FD5-5481E2BAEE47}"
EndProject
Project("{2150E333-8FDC-42A3-9474-1A3956D46DE8}") = "Network", "Network", "{3C53965F-1FEF-4D31-B9BF-533D5FDBBDCC}"
EndProject
Project("{FAE04EC0-301F-11D3-BF4B-00C04F79EFBC}") = "IPv4_Address_converter", "Network\IPv4_Address_converter\IPv4_Address_converter.csproj", "{51098A0E-B4BC-40AF-B097-EA1FCC8D626C}"
EndProject
Project("{FAE04EC0-301F-11D3-BF4B-00C04F79EFBC}") = "Ipv4_Subnet_Calculator", "Network\Ipv4_Subnet_Calculator\Ipv4_Subnet_Calculator.csproj", "{89D4AAD9-48AA-4E72-90BC-92FAFC3A1173}"
EndProject
Project("{FAE04EC0-301F-11D3-BF4B-00C04F79EFBC}") = "MAC_address_generator", "Network\MAC_address_generator\MAC_address_generator.csproj", "{DBCCE5E5-78D2-4E79-9E5D-F2948DBABFFD}"
EndProject
Project("{FAE04EC0-301F-11D3-BF4B-00C04F79EFBC}") = "Random_Port_Generator", "Development\Random_Port_Generator\Random_Port_Generator.csproj", "{E8EAFF4F-68FC-4AD1-9D06-86D573E5DC16}"
EndProject
Project("{2150E333-8FDC-42A3-9474-1A3956D46DE8}") = "Math", "Math", "{F7ADB8F8-7628-4B4D-8067-AE6CC2B42377}"
EndProject
Project("{FAE04EC0-301F-11D3-BF4B-00C04F79EFBC}") = "Math_Evaluator", "Math\Math_Evaluator\Math_Evaluator.csproj", "{4CB1DF7B-4C1C-45EA-9716-9D6C8C7869D7}"
EndProject
Project("{FAE04EC0-301F-11D3-BF4B-00C04F79EFBC}") = "Percentage_Calculator", "Math\Percentage_Calculator\Percentage_Calculator.csproj", "{5EB7E15C-D5EB-440A-90EB-EFD31F3DB4BB}"
EndProject
Project("{2150E333-8FDC-42A3-9474-1A3956D46DE8}") = "Measurement", "Measurement", "{FC53035C-FCF1-4827-B2C4-23A259BD0095}"
EndProject
Project("{FAE04EC0-301F-11D3-BF4B-00C04F79EFBC}") = "Distance_Converter", "Measurement\Distance_Converter\Distance_Converter.csproj", "{362558C8-A9D3-4896-BE7D-065D1C77367F}"
EndProject
Project("{FAE04EC0-301F-11D3-BF4B-00C04F79EFBC}") = "Temperature_Converter", "Measurement\Temperature_Converter\Temperature_Converter.csproj", "{A9F6997F-3702-46C8-AC52-E738C00FF8B9}"
EndProject
Project("{2150E333-8FDC-42A3-9474-1A3956D46DE8}") = "Text", "Text", "{FDF2ECCF-16FC-4249-BBA7-224A12A3D676}"
EndProject
Project("{FAE04EC0-301F-11D3-BF4B-00C04F79EFBC}") = "Lorem_Ipsum_Generator", "Text\Lorem_Ipsum_Generator\Lorem_Ipsum_Generator.csproj", "{BBFBE867-DDFD-4D78-8BDE-DAEF19A3E671}"
EndProject
Project("{FAE04EC0-301F-11D3-BF4B-00C04F79EFBC}") = "String_Obfuscator", "Text\String_Obfuscator\String_Obfuscator.csproj", "{4E5E12B0-8A85-4774-A4F2-8A8A482B12F2}"
EndProject
Project("{FAE04EC0-301F-11D3-BF4B-00C04F79EFBC}") = "Text_Statistics", "Text\Text_Statistics\Text_Statistics.csproj", "{77D386BA-1182-4E22-A430-69D2C1F07EF2}"
EndProject
Project("{FAE04EC0-301F-11D3-BF4B-00C04F79EFBC}") = "RomanConverter", "Converter\RomanConverter\RomanConverter.csproj", "{3D700541-267C-4C78-A8DB-2DDC0F2B3191}"
EndProject
Project("{2150E333-8FDC-42A3-9474-1A3956D46DE8}") = "Data", "Data", "{856025CD-B4C3-4583-B862-299C2625BE52}"
EndProject
Project("{FAE04EC0-301F-11D3-BF4B-00C04F79EFBC}") = "PhoneParser", "Data\PhoneParser\PhoneParser.csproj", "{BA7D3DF6-7394-4213-9BCC-D4764145681B}"
EndProject
Project("{FAE04EC0-301F-11D3-BF4B-00C04F79EFBC}") = "IBANValidator", "Data\IBANValidator\IBANValidator.csproj", "{F5460A03-6FD1-4A7D-859A-E06591AA67DB}"
EndProject
Project("{FAE04EC0-301F-11D3-BF4B-00C04F79EFBC}") = "CreditCardValidator", "Data\CreditCardValidator\CreditCardValidator.csproj", "{D2861610-50E5-44D5-A7C9-E8E67C404EBB}"
EndProject
Global
	GlobalSection(SolutionConfigurationPlatforms) = preSolution
		Debug|Any CPU = Debug|Any CPU
		Release|Any CPU = Release|Any CPU
	EndGlobalSection
	GlobalSection(SolutionProperties) = preSolution
		HideSolutionNode = FALSE
	EndGlobalSection
	GlobalSection(ProjectConfigurationPlatforms) = postSolution
		{12A9C81F-496B-4352-BF94-73E01B6DD820}.Debug|Any CPU.ActiveCfg = Debug|Any CPU
		{12A9C81F-496B-4352-BF94-73E01B6DD820}.Debug|Any CPU.Build.0 = Debug|Any CPU
		{12A9C81F-496B-4352-BF94-73E01B6DD820}.Release|Any CPU.ActiveCfg = Release|Any CPU
		{12A9C81F-496B-4352-BF94-73E01B6DD820}.Release|Any CPU.Build.0 = Release|Any CPU
		{EC8ABEBE-6FB0-473C-8C3F-D3E253817C55}.Debug|Any CPU.ActiveCfg = Debug|Any CPU
		{EC8ABEBE-6FB0-473C-8C3F-D3E253817C55}.Debug|Any CPU.Build.0 = Debug|Any CPU
		{EC8ABEBE-6FB0-473C-8C3F-D3E253817C55}.Release|Any CPU.ActiveCfg = Release|Any CPU
		{EC8ABEBE-6FB0-473C-8C3F-D3E253817C55}.Release|Any CPU.Build.0 = Release|Any CPU
		{85341155-97E8-49D1-B36B-93C6395C33C0}.Debug|Any CPU.ActiveCfg = Debug|Any CPU
		{85341155-97E8-49D1-B36B-93C6395C33C0}.Debug|Any CPU.Build.0 = Debug|Any CPU
		{85341155-97E8-49D1-B36B-93C6395C33C0}.Release|Any CPU.ActiveCfg = Release|Any CPU
		{85341155-97E8-49D1-B36B-93C6395C33C0}.Release|Any CPU.Build.0 = Release|Any CPU
		{BC8358F8-942B-4801-908D-B72D697FBD5C}.Debug|Any CPU.ActiveCfg = Debug|Any CPU
		{BC8358F8-942B-4801-908D-B72D697FBD5C}.Debug|Any CPU.Build.0 = Debug|Any CPU
		{BC8358F8-942B-4801-908D-B72D697FBD5C}.Release|Any CPU.ActiveCfg = Release|Any CPU
		{BC8358F8-942B-4801-908D-B72D697FBD5C}.Release|Any CPU.Build.0 = Release|Any CPU
		{1A77E4EC-C7E1-4BFB-962A-E462A553CAD3}.Debug|Any CPU.ActiveCfg = Debug|Any CPU
		{1A77E4EC-C7E1-4BFB-962A-E462A553CAD3}.Debug|Any CPU.Build.0 = Debug|Any CPU
		{1A77E4EC-C7E1-4BFB-962A-E462A553CAD3}.Release|Any CPU.ActiveCfg = Release|Any CPU
		{1A77E4EC-C7E1-4BFB-962A-E462A553CAD3}.Release|Any CPU.Build.0 = Release|Any CPU
		{1BC62926-EED2-47B8-9D4B-56C6DA3E4282}.Debug|Any CPU.ActiveCfg = Debug|Any CPU
		{1BC62926-EED2-47B8-9D4B-56C6DA3E4282}.Debug|Any CPU.Build.0 = Debug|Any CPU
		{1BC62926-EED2-47B8-9D4B-56C6DA3E4282}.Release|Any CPU.ActiveCfg = Release|Any CPU
		{1BC62926-EED2-47B8-9D4B-56C6DA3E4282}.Release|Any CPU.Build.0 = Release|Any CPU
		{A07E34E5-0654-4806-B7E7-B3EE0720845E}.Debug|Any CPU.ActiveCfg = Debug|Any CPU
		{A07E34E5-0654-4806-B7E7-B3EE0720845E}.Debug|Any CPU.Build.0 = Debug|Any CPU
		{A07E34E5-0654-4806-B7E7-B3EE0720845E}.Release|Any CPU.ActiveCfg = Release|Any CPU
		{A07E34E5-0654-4806-B7E7-B3EE0720845E}.Release|Any CPU.Build.0 = Release|Any CPU
		{5C8BEF45-907E-4C89-B1BD-539B9A554A14}.Debug|Any CPU.ActiveCfg = Debug|Any CPU
		{5C8BEF45-907E-4C89-B1BD-539B9A554A14}.Debug|Any CPU.Build.0 = Debug|Any CPU
		{5C8BEF45-907E-4C89-B1BD-539B9A554A14}.Release|Any CPU.ActiveCfg = Release|Any CPU
		{5C8BEF45-907E-4C89-B1BD-539B9A554A14}.Release|Any CPU.Build.0 = Release|Any CPU
		{AB3251DF-7146-4F1C-BD45-213F967F319A}.Debug|Any CPU.ActiveCfg = Debug|Any CPU
		{AB3251DF-7146-4F1C-BD45-213F967F319A}.Debug|Any CPU.Build.0 = Debug|Any CPU
		{AB3251DF-7146-4F1C-BD45-213F967F319A}.Release|Any CPU.ActiveCfg = Release|Any CPU
		{AB3251DF-7146-4F1C-BD45-213F967F319A}.Release|Any CPU.Build.0 = Release|Any CPU
		{F8904897-AF26-497D-B212-3AB3F1C7D17C}.Debug|Any CPU.ActiveCfg = Debug|Any CPU
		{F8904897-AF26-497D-B212-3AB3F1C7D17C}.Debug|Any CPU.Build.0 = Debug|Any CPU
		{F8904897-AF26-497D-B212-3AB3F1C7D17C}.Release|Any CPU.ActiveCfg = Release|Any CPU
		{F8904897-AF26-497D-B212-3AB3F1C7D17C}.Release|Any CPU.Build.0 = Release|Any CPU
		{AA87DF6C-0487-47EE-B3CA-7C7963746150}.Debug|Any CPU.ActiveCfg = Debug|Any CPU
		{AA87DF6C-0487-47EE-B3CA-7C7963746150}.Debug|Any CPU.Build.0 = Debug|Any CPU
		{AA87DF6C-0487-47EE-B3CA-7C7963746150}.Release|Any CPU.ActiveCfg = Release|Any CPU
		{AA87DF6C-0487-47EE-B3CA-7C7963746150}.Release|Any CPU.Build.0 = Release|Any CPU
		{6E97E64C-A7AF-4541-9459-E0D96FBAAA44}.Debug|Any CPU.ActiveCfg = Debug|Any CPU
		{6E97E64C-A7AF-4541-9459-E0D96FBAAA44}.Debug|Any CPU.Build.0 = Debug|Any CPU
		{6E97E64C-A7AF-4541-9459-E0D96FBAAA44}.Release|Any CPU.ActiveCfg = Release|Any CPU
		{6E97E64C-A7AF-4541-9459-E0D96FBAAA44}.Release|Any CPU.Build.0 = Release|Any CPU
		{8B3109A8-DE5C-4BC5-9446-4B4A01E9C497}.Debug|Any CPU.ActiveCfg = Debug|Any CPU
		{8B3109A8-DE5C-4BC5-9446-4B4A01E9C497}.Debug|Any CPU.Build.0 = Debug|Any CPU
		{8B3109A8-DE5C-4BC5-9446-4B4A01E9C497}.Release|Any CPU.ActiveCfg = Release|Any CPU
		{8B3109A8-DE5C-4BC5-9446-4B4A01E9C497}.Release|Any CPU.Build.0 = Release|Any CPU
		{210DAB11-7A25-4EE6-91D7-77A858D2365A}.Debug|Any CPU.ActiveCfg = Debug|Any CPU
		{210DAB11-7A25-4EE6-91D7-77A858D2365A}.Debug|Any CPU.Build.0 = Debug|Any CPU
		{210DAB11-7A25-4EE6-91D7-77A858D2365A}.Release|Any CPU.ActiveCfg = Release|Any CPU
		{210DAB11-7A25-4EE6-91D7-77A858D2365A}.Release|Any CPU.Build.0 = Release|Any CPU
		{A6481887-9F1B-460C-9FD5-5481E2BAEE47}.Debug|Any CPU.ActiveCfg = Debug|Any CPU
		{A6481887-9F1B-460C-9FD5-5481E2BAEE47}.Debug|Any CPU.Build.0 = Debug|Any CPU
		{A6481887-9F1B-460C-9FD5-5481E2BAEE47}.Release|Any CPU.ActiveCfg = Release|Any CPU
		{A6481887-9F1B-460C-9FD5-5481E2BAEE47}.Release|Any CPU.Build.0 = Release|Any CPU
		{51098A0E-B4BC-40AF-B097-EA1FCC8D626C}.Debug|Any CPU.ActiveCfg = Debug|Any CPU
		{51098A0E-B4BC-40AF-B097-EA1FCC8D626C}.Debug|Any CPU.Build.0 = Debug|Any CPU
		{51098A0E-B4BC-40AF-B097-EA1FCC8D626C}.Release|Any CPU.ActiveCfg = Release|Any CPU
		{51098A0E-B4BC-40AF-B097-EA1FCC8D626C}.Release|Any CPU.Build.0 = Release|Any CPU
		{89D4AAD9-48AA-4E72-90BC-92FAFC3A1173}.Debug|Any CPU.ActiveCfg = Debug|Any CPU
		{89D4AAD9-48AA-4E72-90BC-92FAFC3A1173}.Debug|Any CPU.Build.0 = Debug|Any CPU
		{89D4AAD9-48AA-4E72-90BC-92FAFC3A1173}.Release|Any CPU.ActiveCfg = Release|Any CPU
		{89D4AAD9-48AA-4E72-90BC-92FAFC3A1173}.Release|Any CPU.Build.0 = Release|Any CPU
		{DBCCE5E5-78D2-4E79-9E5D-F2948DBABFFD}.Debug|Any CPU.ActiveCfg = Debug|Any CPU
		{DBCCE5E5-78D2-4E79-9E5D-F2948DBABFFD}.Debug|Any CPU.Build.0 = Debug|Any CPU
		{DBCCE5E5-78D2-4E79-9E5D-F2948DBABFFD}.Release|Any CPU.ActiveCfg = Release|Any CPU
		{DBCCE5E5-78D2-4E79-9E5D-F2948DBABFFD}.Release|Any CPU.Build.0 = Release|Any CPU
		{E8EAFF4F-68FC-4AD1-9D06-86D573E5DC16}.Debug|Any CPU.ActiveCfg = Debug|Any CPU
		{E8EAFF4F-68FC-4AD1-9D06-86D573E5DC16}.Debug|Any CPU.Build.0 = Debug|Any CPU
		{E8EAFF4F-68FC-4AD1-9D06-86D573E5DC16}.Release|Any CPU.ActiveCfg = Release|Any CPU
		{E8EAFF4F-68FC-4AD1-9D06-86D573E5DC16}.Release|Any CPU.Build.0 = Release|Any CPU
		{4CB1DF7B-4C1C-45EA-9716-9D6C8C7869D7}.Debug|Any CPU.ActiveCfg = Debug|Any CPU
		{4CB1DF7B-4C1C-45EA-9716-9D6C8C7869D7}.Debug|Any CPU.Build.0 = Debug|Any CPU
		{4CB1DF7B-4C1C-45EA-9716-9D6C8C7869D7}.Release|Any CPU.ActiveCfg = Release|Any CPU
		{4CB1DF7B-4C1C-45EA-9716-9D6C8C7869D7}.Release|Any CPU.Build.0 = Release|Any CPU
		{5EB7E15C-D5EB-440A-90EB-EFD31F3DB4BB}.Debug|Any CPU.ActiveCfg = Debug|Any CPU
		{5EB7E15C-D5EB-440A-90EB-EFD31F3DB4BB}.Debug|Any CPU.Build.0 = Debug|Any CPU
		{5EB7E15C-D5EB-440A-90EB-EFD31F3DB4BB}.Release|Any CPU.ActiveCfg = Release|Any CPU
		{5EB7E15C-D5EB-440A-90EB-EFD31F3DB4BB}.Release|Any CPU.Build.0 = Release|Any CPU
		{362558C8-A9D3-4896-BE7D-065D1C77367F}.Debug|Any CPU.ActiveCfg = Debug|Any CPU
		{362558C8-A9D3-4896-BE7D-065D1C77367F}.Debug|Any CPU.Build.0 = Debug|Any CPU
		{362558C8-A9D3-4896-BE7D-065D1C77367F}.Release|Any CPU.ActiveCfg = Release|Any CPU
		{362558C8-A9D3-4896-BE7D-065D1C77367F}.Release|Any CPU.Build.0 = Release|Any CPU
		{A9F6997F-3702-46C8-AC52-E738C00FF8B9}.Debug|Any CPU.ActiveCfg = Debug|Any CPU
		{A9F6997F-3702-46C8-AC52-E738C00FF8B9}.Debug|Any CPU.Build.0 = Debug|Any CPU
		{A9F6997F-3702-46C8-AC52-E738C00FF8B9}.Release|Any CPU.ActiveCfg = Release|Any CPU
		{A9F6997F-3702-46C8-AC52-E738C00FF8B9}.Release|Any CPU.Build.0 = Release|Any CPU
		{BBFBE867-DDFD-4D78-8BDE-DAEF19A3E671}.Debug|Any CPU.ActiveCfg = Debug|Any CPU
		{BBFBE867-DDFD-4D78-8BDE-DAEF19A3E671}.Debug|Any CPU.Build.0 = Debug|Any CPU
		{BBFBE867-DDFD-4D78-8BDE-DAEF19A3E671}.Release|Any CPU.ActiveCfg = Release|Any CPU
		{BBFBE867-DDFD-4D78-8BDE-DAEF19A3E671}.Release|Any CPU.Build.0 = Release|Any CPU
		{4E5E12B0-8A85-4774-A4F2-8A8A482B12F2}.Debug|Any CPU.ActiveCfg = Debug|Any CPU
		{4E5E12B0-8A85-4774-A4F2-8A8A482B12F2}.Debug|Any CPU.Build.0 = Debug|Any CPU
		{4E5E12B0-8A85-4774-A4F2-8A8A482B12F2}.Release|Any CPU.ActiveCfg = Release|Any CPU
		{4E5E12B0-8A85-4774-A4F2-8A8A482B12F2}.Release|Any CPU.Build.0 = Release|Any CPU
		{77D386BA-1182-4E22-A430-69D2C1F07EF2}.Debug|Any CPU.ActiveCfg = Debug|Any CPU
		{77D386BA-1182-4E22-A430-69D2C1F07EF2}.Debug|Any CPU.Build.0 = Debug|Any CPU
		{77D386BA-1182-4E22-A430-69D2C1F07EF2}.Release|Any CPU.ActiveCfg = Release|Any CPU
		{77D386BA-1182-4E22-A430-69D2C1F07EF2}.Release|Any CPU.Build.0 = Release|Any CPU
		{3D700541-267C-4C78-A8DB-2DDC0F2B3191}.Debug|Any CPU.ActiveCfg = Debug|Any CPU
		{3D700541-267C-4C78-A8DB-2DDC0F2B3191}.Debug|Any CPU.Build.0 = Debug|Any CPU
		{3D700541-267C-4C78-A8DB-2DDC0F2B3191}.Release|Any CPU.ActiveCfg = Release|Any CPU
		{3D700541-267C-4C78-A8DB-2DDC0F2B3191}.Release|Any CPU.Build.0 = Release|Any CPU
		{BA7D3DF6-7394-4213-9BCC-D4764145681B}.Debug|Any CPU.ActiveCfg = Debug|Any CPU
		{BA7D3DF6-7394-4213-9BCC-D4764145681B}.Debug|Any CPU.Build.0 = Debug|Any CPU
		{BA7D3DF6-7394-4213-9BCC-D4764145681B}.Release|Any CPU.ActiveCfg = Release|Any CPU
		{BA7D3DF6-7394-4213-9BCC-D4764145681B}.Release|Any CPU.Build.0 = Release|Any CPU
		{F5460A03-6FD1-4A7D-859A-E06591AA67DB}.Debug|Any CPU.ActiveCfg = Debug|Any CPU
		{F5460A03-6FD1-4A7D-859A-E06591AA67DB}.Debug|Any CPU.Build.0 = Debug|Any CPU
		{F5460A03-6FD1-4A7D-859A-E06591AA67DB}.Release|Any CPU.ActiveCfg = Release|Any CPU
		{F5460A03-6FD1-4A7D-859A-E06591AA67DB}.Release|Any CPU.Build.0 = Release|Any CPU
		{D2861610-50E5-44D5-A7C9-E8E67C404EBB}.Debug|Any CPU.ActiveCfg = Debug|Any CPU
		{D2861610-50E5-44D5-A7C9-E8E67C404EBB}.Debug|Any CPU.Build.0 = Debug|Any CPU
		{D2861610-50E5-44D5-A7C9-E8E67C404EBB}.Release|Any CPU.ActiveCfg = Release|Any CPU
		{D2861610-50E5-44D5-A7C9-E8E67C404EBB}.Release|Any CPU.Build.0 = Release|Any CPU
	EndGlobalSection
	GlobalSection(NestedProjects) = preSolution
		{85341155-97E8-49D1-B36B-93C6395C33C0} = {684B9847-CF9C-4F1E-BC46-743B853C27F9}
		{BC8358F8-942B-4801-908D-B72D697FBD5C} = {684B9847-CF9C-4F1E-BC46-743B853C27F9}
		{1A77E4EC-C7E1-4BFB-962A-E462A553CAD3} = {684B9847-CF9C-4F1E-BC46-743B853C27F9}
		{1BC62926-EED2-47B8-9D4B-56C6DA3E4282} = {4BEF7EEE-BBD7-4A20-90E4-B943B3C17DF5}
		{A07E34E5-0654-4806-B7E7-B3EE0720845E} = {4BEF7EEE-BBD7-4A20-90E4-B943B3C17DF5}
		{5C8BEF45-907E-4C89-B1BD-539B9A554A14} = {4BEF7EEE-BBD7-4A20-90E4-B943B3C17DF5}
		{AB3251DF-7146-4F1C-BD45-213F967F319A} = {2243BC9F-E637-41E1-B787-31D6E1DA88A4}
		{F8904897-AF26-497D-B212-3AB3F1C7D17C} = {2243BC9F-E637-41E1-B787-31D6E1DA88A4}
		{AA87DF6C-0487-47EE-B3CA-7C7963746150} = {2243BC9F-E637-41E1-B787-31D6E1DA88A4}
		{6E97E64C-A7AF-4541-9459-E0D96FBAAA44} = {906A2485-B783-4BD1-B497-40B9868F7C49}
		{8B3109A8-DE5C-4BC5-9446-4B4A01E9C497} = {906A2485-B783-4BD1-B497-40B9868F7C49}
		{210DAB11-7A25-4EE6-91D7-77A858D2365A} = {75392BEC-77CE-4BE3-A3A3-CB40820E36D1}
		{A6481887-9F1B-460C-9FD5-5481E2BAEE47} = {75392BEC-77CE-4BE3-A3A3-CB40820E36D1}
		{51098A0E-B4BC-40AF-B097-EA1FCC8D626C} = {3C53965F-1FEF-4D31-B9BF-533D5FDBBDCC}
		{89D4AAD9-48AA-4E72-90BC-92FAFC3A1173} = {3C53965F-1FEF-4D31-B9BF-533D5FDBBDCC}
		{DBCCE5E5-78D2-4E79-9E5D-F2948DBABFFD} = {3C53965F-1FEF-4D31-B9BF-533D5FDBBDCC}
		{E8EAFF4F-68FC-4AD1-9D06-86D573E5DC16} = {75392BEC-77CE-4BE3-A3A3-CB40820E36D1}
		{4CB1DF7B-4C1C-45EA-9716-9D6C8C7869D7} = {F7ADB8F8-7628-4B4D-8067-AE6CC2B42377}
		{5EB7E15C-D5EB-440A-90EB-EFD31F3DB4BB} = {F7ADB8F8-7628-4B4D-8067-AE6CC2B42377}
		{362558C8-A9D3-4896-BE7D-065D1C77367F} = {FC53035C-FCF1-4827-B2C4-23A259BD0095}
		{A9F6997F-3702-46C8-AC52-E738C00FF8B9} = {FC53035C-FCF1-4827-B2C4-23A259BD0095}
		{BBFBE867-DDFD-4D78-8BDE-DAEF19A3E671} = {FDF2ECCF-16FC-4249-BBA7-224A12A3D676}
		{4E5E12B0-8A85-4774-A4F2-8A8A482B12F2} = {FDF2ECCF-16FC-4249-BBA7-224A12A3D676}
		{77D386BA-1182-4E22-A430-69D2C1F07EF2} = {FDF2ECCF-16FC-4249-BBA7-224A12A3D676}
		{3D700541-267C-4C78-A8DB-2DDC0F2B3191} = {4BEF7EEE-BBD7-4A20-90E4-B943B3C17DF5}
		{BA7D3DF6-7394-4213-9BCC-D4764145681B} = {856025CD-B4C3-4583-B862-299C2625BE52}
		{F5460A03-6FD1-4A7D-859A-E06591AA67DB} = {856025CD-B4C3-4583-B862-299C2625BE52}
		{D2861610-50E5-44D5-A7C9-E8E67C404EBB} = {856025CD-B4C3-4583-B862-299C2625BE52}
	EndGlobalSection
EndGlobal
