Microsoft Visual Studio Solution File, Format Version 12.00
# Visual Studio Version 17
VisualStudioVersion = 17.0.31903.59
MinimumVisualStudioVersion = 10.0.40219.1
Project("{FAE04EC0-301F-11D3-BF4B-00C04F79EFBC}") = "DevTool", "DevTool\DevTool.csproj", "{12A9C81F-496B-4352-BF94-73E01B6DD820}"
EndProject
Project("{2150E333-8FDC-42A3-9474-1A3956D46DE8}") = "Crypto", "Crypto", "{684B9847-CF9C-4F1E-BC46-743B853C27F9}"
EndProject
Project("{FAE04EC0-301F-11D3-BF4B-00C04F79EFBC}") = "HashText", "Crypto\HashText\HashText.csproj", "{85341155-97E8-49D1-B36B-93C6395C33C0}"
EndProject
Project("{FAE04EC0-301F-11D3-BF4B-00C04F79EFBC}") = "TokenGenerator", "Crypto\TokenGenerator\TokenGenerator.csproj", "{BC8358F8-942B-4801-908D-B72D697FBD5C}"
EndProject
Project("{FAE04EC0-301F-11D3-BF4B-00C04F79EFBC}") = "Bcrypt", "Crypto\Bcrypt\Bcrypt.csproj", "{1A77E4EC-C7E1-4BFB-962A-E462A553CAD3}"
EndProject
Project("{2150E333-8FDC-42A3-9474-1A3956D46DE8}") = "Converter", "Converter", "{4BEF7EEE-BBD7-4A20-90E4-B943B3C17DF5}"
EndProject
Project("{FAE04EC0-301F-11D3-BF4B-00C04F79EFBC}") = "Base64EncoderDecoder", "Converter\Base64EncoderDecoder\Base64EncoderDecoder.csproj", "{1BC62926-EED2-47B8-9D4B-56C6DA3E4282}"
EndProject
Project("{FAE04EC0-301F-11D3-BF4B-00C04F79EFBC}") = "XML2JSON", "Converter\XML2JSON\XML2JSON.csproj", "{A07E34E5-0654-4806-B7E7-B3EE0720845E}"
EndProject
Project("{FAE04EC0-301F-11D3-BF4B-00C04F79EFBC}") = "JSON2XML", "Converter\JSON2XML\JSON2XML.csproj", "{5C8BEF45-907E-4C89-B1BD-539B9A554A14}"
EndProject
Project("{2150E333-8FDC-42A3-9474-1A3956D46DE8}") = "Web", "Web", "{2243BC9F-E637-41E1-B787-31D6E1DA88A4}"
EndProject
Project("{FAE04EC0-301F-11D3-BF4B-00C04F79EFBC}") = "EncodeDecodeURLFormatedstring", "Web\EncodeDecodeURLFormatedstring\EncodeDecodeURLFormatedstring.csproj", "{AB3251DF-7146-4F1C-BD45-213F967F319A}"
EndProject
Project("{FAE04EC0-301F-11D3-BF4B-00C04F79EFBC}") = "EscapeHTMLEntity", "Web\EscapeHTMLEntity\EscapeHTMLEntity.csproj", "{F8904897-AF26-497D-B212-3AB3F1C7D17C}"
EndProject
Project("{FAE04EC0-301F-11D3-BF4B-00C04F79EFBC}") = "BasicAuthGenerator", "Web\BasicAuthGenerator\BasicAuthGenerator.csproj", "{AA87DF6C-0487-47EE-B3CA-7C7963746150}"
EndProject
Project("{2150E333-8FDC-42A3-9474-1A3956D46DE8}") = "ImageAndVideo", "ImageAndVideo", "{906A2485-B783-4BD1-B497-40B9868F7C49}"
EndProject
Project("{FAE04EC0-301F-11D3-BF4B-00C04F79EFBC}") = "QRCodeGenerator", "ImageAndVideo\QRCodeGenerator\QRCodeGenerator.csproj", "{6E97E64C-A7AF-4541-9459-E0D96FBAAA44}"
EndProject
Project("{FAE04EC0-301F-11D3-BF4B-00C04F79EFBC}") = "SVGPlaceholderGenerator", "ImageAndVideo\SVGPlaceholderGenerator\SVGPlaceholderGenerator.csproj", "{8B3109A8-DE5C-4BC5-9446-4B4A01E9C497}"
EndProject
Project("{2150E333-8FDC-42A3-9474-1A3956D46DE8}") = "Development", "Development", "{75392BEC-77CE-4BE3-A3A3-CB40820E36D1}"
EndProject
Project("{FAE04EC0-301F-11D3-BF4B-00C04F79EFBC}") = "JSON_minify", "Development\JSON_minify\JSON_minify.csproj", "{210DAB11-7A25-4EE6-91D7-77A858D2365A}"
EndProject
Project("{FAE04EC0-301F-11D3-BF4B-00C04F79EFBC}") = "XML_Formatter", "Development\XML_Formatter\XML_Formatter.csproj", "{A6481887-9F1B-460C-9FD5-5481E2BAEE47}"
EndProject
Global
	GlobalSection(SolutionConfigurationPlatforms) = preSolution
		Debug|Any CPU = Debug|Any CPU
		Release|Any CPU = Release|Any CPU
	EndGlobalSection
	GlobalSection(SolutionProperties) = preSolution
		HideSolutionNode = FALSE
	EndGlobalSection
	GlobalSection(ProjectConfigurationPlatforms) = postSolution
		{12A9C81F-496B-4352-BF94-73E01B6DD820}.Debug|Any CPU.ActiveCfg = Debug|Any CPU
		{12A9C81F-496B-4352-BF94-73E01B6DD820}.Debug|Any CPU.Build.0 = Debug|Any CPU
		{12A9C81F-496B-4352-BF94-73E01B6DD820}.Release|Any CPU.ActiveCfg = Release|Any CPU
		{12A9C81F-496B-4352-BF94-73E01B6DD820}.Release|Any CPU.Build.0 = Release|Any CPU
		{EC8ABEBE-6FB0-473C-8C3F-D3E253817C55}.Debug|Any CPU.ActiveCfg = Debug|Any CPU
		{EC8ABEBE-6FB0-473C-8C3F-D3E253817C55}.Debug|Any CPU.Build.0 = Debug|Any CPU
		{EC8ABEBE-6FB0-473C-8C3F-D3E253817C55}.Release|Any CPU.ActiveCfg = Release|Any CPU
		{EC8ABEBE-6FB0-473C-8C3F-D3E253817C55}.Release|Any CPU.Build.0 = Release|Any CPU
		{85341155-97E8-49D1-B36B-93C6395C33C0}.Debug|Any CPU.ActiveCfg = Debug|Any CPU
		{85341155-97E8-49D1-B36B-93C6395C33C0}.Debug|Any CPU.Build.0 = Debug|Any CPU
		{85341155-97E8-49D1-B36B-93C6395C33C0}.Release|Any CPU.ActiveCfg = Release|Any CPU
		{85341155-97E8-49D1-B36B-93C6395C33C0}.Release|Any CPU.Build.0 = Release|Any CPU
		{BC8358F8-942B-4801-908D-B72D697FBD5C}.Debug|Any CPU.ActiveCfg = Debug|Any CPU
		{BC8358F8-942B-4801-908D-B72D697FBD5C}.Debug|Any CPU.Build.0 = Debug|Any CPU
		{BC8358F8-942B-4801-908D-B72D697FBD5C}.Release|Any CPU.ActiveCfg = Release|Any CPU
		{BC8358F8-942B-4801-908D-B72D697FBD5C}.Release|Any CPU.Build.0 = Release|Any CPU
		{1A77E4EC-C7E1-4BFB-962A-E462A553CAD3}.Debug|Any CPU.ActiveCfg = Debug|Any CPU
		{1A77E4EC-C7E1-4BFB-962A-E462A553CAD3}.Debug|Any CPU.Build.0 = Debug|Any CPU
		{1A77E4EC-C7E1-4BFB-962A-E462A553CAD3}.Release|Any CPU.ActiveCfg = Release|Any CPU
		{1A77E4EC-C7E1-4BFB-962A-E462A553CAD3}.Release|Any CPU.Build.0 = Release|Any CPU
		{1BC62926-EED2-47B8-9D4B-56C6DA3E4282}.Debug|Any CPU.ActiveCfg = Debug|Any CPU
		{1BC62926-EED2-47B8-9D4B-56C6DA3E4282}.Debug|Any CPU.Build.0 = Debug|Any CPU
		{1BC62926-EED2-47B8-9D4B-56C6DA3E4282}.Release|Any CPU.ActiveCfg = Release|Any CPU
		{1BC62926-EED2-47B8-9D4B-56C6DA3E4282}.Release|Any CPU.Build.0 = Release|Any CPU
		{A07E34E5-0654-4806-B7E7-B3EE0720845E}.Debug|Any CPU.ActiveCfg = Debug|Any CPU
		{A07E34E5-0654-4806-B7E7-B3EE0720845E}.Debug|Any CPU.Build.0 = Debug|Any CPU
		{A07E34E5-0654-4806-B7E7-B3EE0720845E}.Release|Any CPU.ActiveCfg = Release|Any CPU
		{A07E34E5-0654-4806-B7E7-B3EE0720845E}.Release|Any CPU.Build.0 = Release|Any CPU
		{5C8BEF45-907E-4C89-B1BD-539B9A554A14}.Debug|Any CPU.ActiveCfg = Debug|Any CPU
		{5C8BEF45-907E-4C89-B1BD-539B9A554A14}.Debug|Any CPU.Build.0 = Debug|Any CPU
		{5C8BEF45-907E-4C89-B1BD-539B9A554A14}.Release|Any CPU.ActiveCfg = Release|Any CPU
		{5C8BEF45-907E-4C89-B1BD-539B9A554A14}.Release|Any CPU.Build.0 = Release|Any CPU
		{AB3251DF-7146-4F1C-BD45-213F967F319A}.Debug|Any CPU.ActiveCfg = Debug|Any CPU
		{AB3251DF-7146-4F1C-BD45-213F967F319A}.Debug|Any CPU.Build.0 = Debug|Any CPU
		{AB3251DF-7146-4F1C-BD45-213F967F319A}.Release|Any CPU.ActiveCfg = Release|Any CPU
		{AB3251DF-7146-4F1C-BD45-213F967F319A}.Release|Any CPU.Build.0 = Release|Any CPU
		{F8904897-AF26-497D-B212-3AB3F1C7D17C}.Debug|Any CPU.ActiveCfg = Debug|Any CPU
		{F8904897-AF26-497D-B212-3AB3F1C7D17C}.Debug|Any CPU.Build.0 = Debug|Any CPU
		{F8904897-AF26-497D-B212-3AB3F1C7D17C}.Release|Any CPU.ActiveCfg = Release|Any CPU
		{F8904897-AF26-497D-B212-3AB3F1C7D17C}.Release|Any CPU.Build.0 = Release|Any CPU
		{AA87DF6C-0487-47EE-B3CA-7C7963746150}.Debug|Any CPU.ActiveCfg = Debug|Any CPU
		{AA87DF6C-0487-47EE-B3CA-7C7963746150}.Debug|Any CPU.Build.0 = Debug|Any CPU
		{AA87DF6C-0487-47EE-B3CA-7C7963746150}.Release|Any CPU.ActiveCfg = Release|Any CPU
		{AA87DF6C-0487-47EE-B3CA-7C7963746150}.Release|Any CPU.Build.0 = Release|Any CPU
		{6E97E64C-A7AF-4541-9459-E0D96FBAAA44}.Debug|Any CPU.ActiveCfg = Debug|Any CPU
		{6E97E64C-A7AF-4541-9459-E0D96FBAAA44}.Debug|Any CPU.Build.0 = Debug|Any CPU
		{6E97E64C-A7AF-4541-9459-E0D96FBAAA44}.Release|Any CPU.ActiveCfg = Release|Any CPU
		{6E97E64C-A7AF-4541-9459-E0D96FBAAA44}.Release|Any CPU.Build.0 = Release|Any CPU
		{8B3109A8-DE5C-4BC5-9446-4B4A01E9C497}.Debug|Any CPU.ActiveCfg = Debug|Any CPU
		{8B3109A8-DE5C-4BC5-9446-4B4A01E9C497}.Debug|Any CPU.Build.0 = Debug|Any CPU
		{8B3109A8-DE5C-4BC5-9446-4B4A01E9C497}.Release|Any CPU.ActiveCfg = Release|Any CPU
		{8B3109A8-DE5C-4BC5-9446-4B4A01E9C497}.Release|Any CPU.Build.0 = Release|Any CPU
		{210DAB11-7A25-4EE6-91D7-77A858D2365A}.Debug|Any CPU.ActiveCfg = Debug|Any CPU
		{210DAB11-7A25-4EE6-91D7-77A858D2365A}.Debug|Any CPU.Build.0 = Debug|Any CPU
		{210DAB11-7A25-4EE6-91D7-77A858D2365A}.Release|Any CPU.ActiveCfg = Release|Any CPU
		{210DAB11-7A25-4EE6-91D7-77A858D2365A}.Release|Any CPU.Build.0 = Release|Any CPU
		{A6481887-9F1B-460C-9FD5-5481E2BAEE47}.Debug|Any CPU.ActiveCfg = Debug|Any CPU
		{A6481887-9F1B-460C-9FD5-5481E2BAEE47}.Debug|Any CPU.Build.0 = Debug|Any CPU
		{A6481887-9F1B-460C-9FD5-5481E2BAEE47}.Release|Any CPU.ActiveCfg = Release|Any CPU
		{A6481887-9F1B-460C-9FD5-5481E2BAEE47}.Release|Any CPU.Build.0 = Release|Any CPU
	EndGlobalSection
	GlobalSection(NestedProjects) = preSolution
		{85341155-97E8-49D1-B36B-93C6395C33C0} = {684B9847-CF9C-4F1E-BC46-743B853C27F9}
		{BC8358F8-942B-4801-908D-B72D697FBD5C} = {684B9847-CF9C-4F1E-BC46-743B853C27F9}
		{1A77E4EC-C7E1-4BFB-962A-E462A553CAD3} = {684B9847-CF9C-4F1E-BC46-743B853C27F9}
		{1BC62926-EED2-47B8-9D4B-56C6DA3E4282} = {4BEF7EEE-BBD7-4A20-90E4-B943B3C17DF5}
		{A07E34E5-0654-4806-B7E7-B3EE0720845E} = {4BEF7EEE-BBD7-4A20-90E4-B943B3C17DF5}
		{5C8BEF45-907E-4C89-B1BD-539B9A554A14} = {4BEF7EEE-BBD7-4A20-90E4-B943B3C17DF5}
		{AB3251DF-7146-4F1C-BD45-213F967F319A} = {2243BC9F-E637-41E1-B787-31D6E1DA88A4}
		{F8904897-AF26-497D-B212-3AB3F1C7D17C} = {2243BC9F-E637-41E1-B787-31D6E1DA88A4}
		{AA87DF6C-0487-47EE-B3CA-7C7963746150} = {2243BC9F-E637-41E1-B787-31D6E1DA88A4}
		{6E97E64C-A7AF-4541-9459-E0D96FBAAA44} = {906A2485-B783-4BD1-B497-40B9868F7C49}
		{8B3109A8-DE5C-4BC5-9446-4B4A01E9C497} = {906A2485-B783-4BD1-B497-40B9868F7C49}
		{210DAB11-7A25-4EE6-91D7-77A858D2365A} = {75392BEC-77CE-4BE3-A3A3-CB40820E36D1}
		{A6481887-9F1B-460C-9FD5-5481E2BAEE47} = {75392BEC-77CE-4BE3-A3A3-CB40820E36D1}
	EndGlobalSection
EndGlobal
