Microsoft Visual Studio Solution File, Format Version 12.00
# Visual Studio Version 17
VisualStudioVersion = 17.5.2.0
MinimumVisualStudioVersion = 10.0.40219.1
Project("{FAE04EC0-301F-11D3-BF4B-00C04F79EFBC}") = "Random_Port_Generator", "Random_Port_Generator.csproj", "{15A3934D-2086-CDBC-2A8F-C74102B9287C}"
EndProject
Global
	GlobalSection(SolutionConfigurationPlatforms) = preSolution
		Debug|Any CPU = Debug|Any CPU
		Release|Any CPU = Release|Any CPU
	EndGlobalSection
	GlobalSection(ProjectConfigurationPlatforms) = postSolution
		{15A3934D-2086-CDBC-2A8F-C74102B9287C}.Debug|Any CPU.ActiveCfg = Debug|Any CPU
		{15A3934D-2086-CDBC-2A8F-C74102B9287C}.Debug|Any CPU.Build.0 = Debug|Any CPU
		{15A3934D-2086-CDBC-2A8F-C74102B9287C}.Release|Any CPU.ActiveCfg = Release|Any CPU
		{15A3934D-2086-CDBC-2A8F-C74102B9287C}.Release|Any CPU.Build.0 = Release|Any CPU
	EndGlobalSection
	GlobalSection(SolutionProperties) = preSolution
		HideSolutionNode = FALSE
	EndGlobalSection
	GlobalSection(ExtensibilityGlobals) = postSolution
		SolutionGuid = {5A4E72A3-6AF7-4492-888E-59276038657D}
	EndGlobalSection
EndGlobal
