Microsoft Visual Studio Solution File, Format Version 12.00
# Visual Studio Version 17
VisualStudioVersion = 17.5.2.0
MinimumVisualStudioVersion = 10.0.40219.1
Project("{FAE04EC0-301F-11D3-BF4B-00C04F79EFBC}") = "JSON_minify", "JSON_minify.csproj", "{A29C27C2-5F71-F306-0864-64EA4E0E1597}"
EndProject
Global
	GlobalSection(SolutionConfigurationPlatforms) = preSolution
		Debug|Any CPU = Debug|Any CPU
		Release|Any CPU = Release|Any CPU
	EndGlobalSection
	GlobalSection(ProjectConfigurationPlatforms) = postSolution
		{A29C27C2-5F71-F306-0864-64EA4E0E1597}.Debug|Any CPU.ActiveCfg = Debug|Any CPU
		{A29C27C2-5F71-F306-0864-64EA4E0E1597}.Debug|Any CPU.Build.0 = Debug|Any CPU
		{A29C27C2-5F71-F306-0864-64EA4E0E1597}.Release|Any CPU.ActiveCfg = Release|Any CPU
		{A29C27C2-5F71-F306-0864-64EA4E0E1597}.Release|Any CPU.Build.0 = Release|Any CPU
	EndGlobalSection
	GlobalSection(SolutionProperties) = preSolution
		HideSolutionNode = FALSE
	EndGlobalSection
	GlobalSection(ExtensibilityGlobals) = postSolution
		SolutionGuid = {04F55A08-6D03-425C-ACFC-149A6940C3B9}
	EndGlobalSection
EndGlobal
